
Microsoft Visual Studio Solution File, Format Version 12.00
Project("{FAE04EC0-301F-11D3-BF4B-00C04F79EFBC}") = "lab13Tests", "lab13Tests\lab13Tests.csproj", "{D2378A66-683F-4C90-A4A8-F1E7BF62AA58}"
EndProject
Global
	GlobalSection(SolutionConfigurationPlatforms) = preSolution
		Debug|Any CPU = Debug|Any CPU
		Release|Any CPU = Release|Any CPU
	EndGlobalSection
	GlobalSection(ProjectConfigurationPlatforms) = postSolution
		{D2378A66-683F-4C90-A4A8-F1E7BF62AA58}.Debug|Any CPU.ActiveCfg = Debug|Any CPU
		{D2378A66-683F-4C90-A4A8-F1E7BF62AA58}.Debug|Any CPU.Build.0 = Debug|Any CPU
		{D2378A66-683F-4C90-A4A8-F1E7BF62AA58}.Release|Any CPU.ActiveCfg = Release|Any CPU
		{D2378A66-683F-4C90-A4A8-F1E7BF62AA58}.Release|Any CPU.Build.0 = Release|Any CPU
	EndGlobalSection
EndGlobal
